// !$*UTF8*$!
{
	archiveVersion = 1;
	classes = {
	};
	objectVersion = 50;
	objects = {

/* Begin PBXBuildFile section */
		67A3D5B9246DC96700E05DC2 /* AppDelegate.swift in Sources */ = {isa = PBXBuildFile; fileRef = 67A3D5B8246DC96700E05DC2 /* AppDelegate.swift */; };
		67A3D5BB246DC96700E05DC2 /* SceneDelegate.swift in Sources */ = {isa = PBXBuildFile; fileRef = 67A3D5BA246DC96700E05DC2 /* SceneDelegate.swift */; };
		67A3D5BD246DC96700E05DC2 /* ViewController.swift in Sources */ = {isa = PBXBuildFile; fileRef = 67A3D5BC246DC96700E05DC2 /* ViewController.swift */; };
		67A3D5C0246DC96700E05DC2 /* Main.storyboard in Resources */ = {isa = PBXBuildFile; fileRef = 67A3D5BE246DC96700E05DC2 /* Main.storyboard */; };
		67A3D5C2246DC96A00E05DC2 /* Assets.xcassets in Resources */ = {isa = PBXBuildFile; fileRef = 67A3D5C1246DC96A00E05DC2 /* Assets.xcassets */; };
		67A3D5C5246DC96A00E05DC2 /* LaunchScreen.storyboard in Resources */ = {isa = PBXBuildFile; fileRef = 67A3D5C3246DC96A00E05DC2 /* LaunchScreen.storyboard */; };
/* End PBXBuildFile section */

/* Begin PBXFileReference section */
		67A3D5B5246DC96700E05DC2 /* Groceria.app */ = {isa = PBXFileReference; explicitFileType = wrapper.application; includeInIndex = 0; path = Groceria.app; sourceTree = BUILT_PRODUCTS_DIR; };
		67A3D5B8246DC96700E05DC2 /* AppDelegate.swift */ = {isa = PBXFileReference; lastKnownFileType = sourcecode.swift; path = AppDelegate.swift; sourceTree = "<group>"; };
		67A3D5BA246DC96700E05DC2 /* SceneDelegate.swift */ = {isa = PBXFileReference; lastKnownFileType = sourcecode.swift; path = SceneDelegate.swift; sourceTree = "<group>"; };
		67A3D5BC246DC96700E05DC2 /* ViewController.swift */ = {isa = PBXFileReference; lastKnownFileType = sourcecode.swift; path = ViewController.swift; sourceTree = "<group>"; };
		67A3D5BF246DC96700E05DC2 /* Base */ = {isa = PBXFileReference; lastKnownFileType = file.storyboard; name = Base; path = Base.lproj/Main.storyboard; sourceTree = "<group>"; };
		67A3D5C1246DC96A00E05DC2 /* Assets.xcassets */ = {isa = PBXFileReference; lastKnownFileType = folder.assetcatalog; path = Assets.xcassets; sourceTree = "<group>"; };
		67A3D5C4246DC96A00E05DC2 /* Base */ = {isa = PBXFileReference; lastKnownFileType = file.storyboard; name = Base; path = Base.lproj/LaunchScreen.storyboard; sourceTree = "<group>"; };
		67A3D5C6246DC96A00E05DC2 /* Info.plist */ = {isa = PBXFileReference; lastKnownFileType = text.plist.xml; path = Info.plist; sourceTree = "<group>"; };
/* End PBXFileReference section */

/* Begin PBXFrameworksBuildPhase section */
		67A3D5B2246DC96700E05DC2 /* Frameworks */ = {
			isa = PBXFrameworksBuildPhase;
			buildActionMask = 2147483647;
			files = (
			);
			runOnlyForDeploymentPostprocessing = 0;
		};
/* End PBXFrameworksBuildPhase section */

/* Begin PBXGroup section */
		67A3D5AC246DC96700E05DC2 = {
			isa = PBXGroup;
			children = (
				67A3D5B7246DC96700E05DC2 /* Groceria */,
				67A3D5B6246DC96700E05DC2 /* Products */,
			);
			sourceTree = "<group>";
		};
		67A3D5B6246DC96700E05DC2 /* Products */ = {
			isa = PBXGroup;
			children = (
				67A3D5B5246DC96700E05DC2 /* Groceria.app */,
			);
			name = Products;
			sourceTree = "<group>";
		};
		67A3D5B7246DC96700E05DC2 /* Groceria */ = {
			isa = PBXGroup;
			children = (
				67A3D5B8246DC96700E05DC2 /* AppDelegate.swift */,
				67A3D5BA246DC96700E05DC2 /* SceneDelegate.swift */,
				67A3D5BC246DC96700E05DC2 /* ViewController.swift */,
				67A3D5BE246DC96700E05DC2 /* Main.storyboard */,
				67A3D5C1246DC96A00E05DC2 /* Assets.xcassets */,
				67A3D5C3246DC96A00E05DC2 /* LaunchScreen.storyboard */,
				67A3D5C6246DC96A00E05DC2 /* Info.plist */,
			);
			path = Groceria;
			sourceTree = "<group>";
		};
/* End PBXGroup section */

/* Begin PBXNativeTarget section */
		67A3D5B4246DC96700E05DC2 /* Groceria */ = {
			isa = PBXNativeTarget;
			buildConfigurationList = 67A3D5C9246DC96A00E05DC2 /* Build configuration list for PBXNativeTarget "Groceria" */;
			buildPhases = (
				67A3D5B1246DC96700E05DC2 /* Sources */,
				67A3D5B2246DC96700E05DC2 /* Frameworks */,
				67A3D5B3246DC96700E05DC2 /* Resources */,
			);
			buildRules = (
			);
			dependencies = (
			);
			name = Groceria;
			productName = Groceria;
			productReference = 67A3D5B5246DC96700E05DC2 /* Groceria.app */;
			productType = "com.apple.product-type.application";
		};
/* End PBXNativeTarget section */

/* Begin PBXProject section */
		67A3D5AD246DC96700E05DC2 /* Project object */ = {
			isa = PBXProject;
			attributes = {
				LastSwiftUpdateCheck = 1140;
				LastUpgradeCheck = 1140;
				ORGANIZATIONNAME = "Angela Luo";
				TargetAttributes = {
					67A3D5B4246DC96700E05DC2 = {
						CreatedOnToolsVersion = 11.4.1;
					};
				};
			};
			buildConfigurationList = 67A3D5B0246DC96700E05DC2 /* Build configuration list for PBXProject "Groceria" */;
			compatibilityVersion = "Xcode 9.3";
			developmentRegion = en;
			hasScannedForEncodings = 0;
			knownRegions = (
				en,
				Base,
			);
			mainGroup = 67A3D5AC246DC96700E05DC2;
			productRefGroup = 67A3D5B6246DC96700E05DC2 /* Products */;
			projectDirPath = "";
			projectRoot = "";
			targets = (
				67A3D5B4246DC96700E05DC2 /* Groceria */,
			);
		};
/* End PBXProject section */

/* Begin PBXResourcesBuildPhase section */
		67A3D5B3246DC96700E05DC2 /* Resources */ = {
			isa = PBXResourcesBuildPhase;
			buildActionMask = 2147483647;
			files = (
				67A3D5C5246DC96A00E05DC2 /* LaunchScreen.storyboard in Resources */,
				67A3D5C2246DC96A00E05DC2 /* Assets.xcassets in Resources */,
				67A3D5C0246DC96700E05DC2 /* Main.storyboard in Resources */,
			);
			runOnlyForDeploymentPostprocessing = 0;
		};
/* End PBXResourcesBuildPhase section */

/* Begin PBXSourcesBuildPhase section */
		67A3D5B1246DC96700E05DC2 /* Sources */ = {
			isa = PBXSourcesBuildPhase;
			buildActionMask = 2147483647;
			files = (
				67A3D5BD246DC96700E05DC2 /* ViewController.swift in Sources */,
				67A3D5B9246DC96700E05DC2 /* AppDelegate.swift in Sources */,
				67A3D5BB246DC96700E05DC2 /* SceneDelegate.swift in Sources */,
			);
			runOnlyForDeploymentPostprocessing = 0;
		};
/* End PBXSourcesBuildPhase section */

/* Begin PBXVariantGroup section */
		67A3D5BE246DC96700E05DC2 /* Main.storyboard */ = {
			isa = PBXVariantGroup;
			children = (
				67A3D5BF246DC96700E05DC2 /* Base */,
			);
			name = Main.storyboard;
			sourceTree = "<group>";
		};
		67A3D5C3246DC96A00E05DC2 /* LaunchScreen.storyboard */ = {
			isa = PBXVariantGroup;
			children = (
				67A3D5C4246DC96A00E05DC2 /* Base */,
			);
			name = LaunchScreen.storyboard;
			sourceTree = "<group>";
		};
/* End PBXVariantGroup section */

/* Begin XCBuildConfiguration section */
		67A3D5C7246DC96A00E05DC2 /* Debug */ = {
			isa = XCBuildConfiguration;
			buildSettings = {
				ALWAYS_SEARCH_USER_PATHS = NO;
				CLANG_ANALYZER_NONNULL = YES;
				CLANG_ANALYZER_NUMBER_OBJECT_CONVERSION = YES_AGGRESSIVE;
				CLANG_CXX_LANGUAGE_STANDARD = "gnu++14";
				CLANG_CXX_LIBRARY = "libc++";
				CLANG_ENABLE_MODULES = YES;
				CLANG_ENABLE_OBJC_ARC = YES;
				CLANG_ENABLE_OBJC_WEAK = YES;
				CLANG_WARN_BLOCK_CAPTURE_AUTORELEASING = YES;
				CLANG_WARN_BOOL_CONVERSION = YES;
				CLANG_WARN_COMMA = YES;
				CLANG_WARN_CONSTANT_CONVERSION = YES;
				CLANG_WARN_DEPRECATED_OBJC_IMPLEMENTATIONS = YES;
				CLANG_WARN_DIRECT_OBJC_ISA_USAGE = YES_ERROR;
				CLANG_WARN_DOCUMENTATION_COMMENTS = YES;
				CLANG_WARN_EMPTY_BODY = YES;
				CLANG_WARN_ENUM_CONVERSION = YES;
				CLANG_WARN_INFINITE_RECURSION = YES;
				CLANG_WARN_INT_CONVERSION = YES;
				CLANG_WARN_NON_LITERAL_NULL_CONVERSION = YES;
				CLANG_WARN_OBJC_IMPLICIT_RETAIN_SELF = YES;
				CLANG_WARN_OBJC_LITERAL_CONVERSION = YES;
				CLANG_WARN_OBJC_ROOT_CLASS = YES_ERROR;
				CLANG_WARN_RANGE_LOOP_ANALYSIS = YES;
				CLANG_WARN_STRICT_PROTOTYPES = YES;
				CLANG_WARN_SUSPICIOUS_MOVE = YES;
				CLANG_WARN_UNGUARDED_AVAILABILITY = YES_AGGRESSIVE;
				CLANG_WARN_UNREACHABLE_CODE = YES;
				CLANG_WARN__DUPLICATE_METHOD_MATCH = YES;
				COPY_PHASE_STRIP = NO;
				DEBUG_INFORMATION_FORMAT = dwarf;
				ENABLE_STRICT_OBJC_MSGSEND = YES;
				ENABLE_TESTABILITY = YES;
				GCC_C_LANGUAGE_STANDARD = gnu11;
				GCC_DYNAMIC_NO_PIC = NO;
				GCC_NO_COMMON_BLOCKS = YES;
				GCC_OPTIMIZATION_LEVEL = 0;
				GCC_PREPROCESSOR_DEFINITIONS = (
					"DEBUG=1",
					"$(inherited)",
				);
				GCC_WARN_64_TO_32_BIT_CONVERSION = YES;
				GCC_WARN_ABOUT_RETURN_TYPE = YES_ERROR;
				GCC_WARN_UNDECLARED_SELECTOR = YES;
				GCC_WARN_UNINITIALIZED_AUTOS = YES_AGGRESSIVE;
				GCC_WARN_UNUSED_FUNCTION = YES;
				GCC_WARN_UNUSED_VARIABLE = YES;
				IPHONEOS_DEPLOYMENT_TARGET = 13.4;
				MTL_ENABLE_DEBUG_INFO = INCLUDE_SOURCE;
				MTL_FAST_MATH = YES;
				ONLY_ACTIVE_ARCH = YES;
				SDKROOT = iphoneos;
				SWIFT_ACTIVE_COMPILATION_CONDITIONS = DEBUG;
				SWIFT_OPTIMIZATION_LEVEL = "-Onone";
			};
			name = Debug;
		};
		67A3D5C8246DC96A00E05DC2 /* Release */ = {
			isa = XCBuildConfiguration;
			buildSettings = {
				ALWAYS_SEARCH_USER_PATHS = NO;
				CLANG_ANALYZER_NONNULL = YES;
				CLANG_ANALYZER_NUMBER_OBJECT_CONVERSION = YES_AGGRESSIVE;
				CLANG_CXX_LANGUAGE_STANDARD = "gnu++14";
				CLANG_CXX_LIBRARY = "libc++";
				CLANG_ENABLE_MODULES = YES;
				CLANG_ENABLE_OBJC_ARC = YES;
				CLANG_ENABLE_OBJC_WEAK = YES;
				CLANG_WARN_BLOCK_CAPTURE_AUTORELEASING = YES;
				CLANG_WARN_BOOL_CONVERSION = YES;
				CLANG_WARN_COMMA = YES;
				CLANG_WARN_CONSTANT_CONVERSION = YES;
				CLANG_WARN_DEPRECATED_OBJC_IMPLEMENTATIONS = YES;
				CLANG_WARN_DIRECT_OBJC_ISA_USAGE = YES_ERROR;
				CLANG_WARN_DOCUMENTATION_COMMENTS = YES;
				CLANG_WARN_EMPTY_BODY = YES;
				CLANG_WARN_ENUM_CONVERSION = YES;
				CLANG_WARN_INFINITE_RECURSION = YES;
				CLANG_WARN_INT_CONVERSION = YES;
				CLANG_WARN_NON_LITERAL_NULL_CONVERSION = YES;
				CLANG_WARN_OBJC_IMPLICIT_RETAIN_SELF = YES;
				CLANG_WARN_OBJC_LITERAL_CONVERSION = YES;
				CLANG_WARN_OBJC_ROOT_CLASS = YES_ERROR;
				CLANG_WARN_RANGE_LOOP_ANALYSIS = YES;
				CLANG_WARN_STRICT_PROTOTYPES = YES;
				CLANG_WARN_SUSPICIOUS_MOVE = YES;
				CLANG_WARN_UNGUARDED_AVAILABILITY = YES_AGGRESSIVE;
				CLANG_WARN_UNREACHABLE_CODE = YES;
				CLANG_WARN__DUPLICATE_METHOD_MATCH = YES;
				COPY_PHASE_STRIP = NO;
				DEBUG_INFORMATION_FORMAT = "dwarf-with-dsym";
				ENABLE_NS_ASSERTIONS = NO;
				ENABLE_STRICT_OBJC_MSGSEND = YES;
				GCC_C_LANGUAGE_STANDARD = gnu11;
				GCC_NO_COMMON_BLOCKS = YES;
				GCC_WARN_64_TO_32_BIT_CONVERSION = YES;
				GCC_WARN_ABOUT_RETURN_TYPE = YES_ERROR;
				GCC_WARN_UNDECLARED_SELECTOR = YES;
				GCC_WARN_UNINITIALIZED_AUTOS = YES_AGGRESSIVE;
				GCC_WARN_UNUSED_FUNCTION = YES;
				GCC_WARN_UNUSED_VARIABLE = YES;
				IPHONEOS_DEPLOYMENT_TARGET = 13.4;
				MTL_ENABLE_DEBUG_INFO = NO;
				MTL_FAST_MATH = YES;
				SDKROOT = iphoneos;
				SWIFT_COMPILATION_MODE = wholemodule;
				SWIFT_OPTIMIZATION_LEVEL = "-O";
				VALIDATE_PRODUCT = YES;
			};
			name = Release;
		};
		67A3D5CA246DC96A00E05DC2 /* Debug */ = {
			isa = XCBuildConfiguration;
			buildSettings = {
				ASSETCATALOG_COMPILER_APPICON_NAME = AppIcon;
				CODE_SIGN_STYLE = Automatic;
				DEVELOPMENT_TEAM = C5XKLL2KX8;
				INFOPLIST_FILE = Groceria/Info.plist;
				IPHONEOS_DEPLOYMENT_TARGET = 13.2;
				LD_RUNPATH_SEARCH_PATHS = (
					"$(inherited)",
					"@executable_path/Frameworks",
				);
				PRODUCT_BUNDLE_IDENTIFIER = edu.stanford.angluo.Groceria;
				PRODUCT_NAME = "$(TARGET_NAME)";
				SWIFT_VERSION = 5.0;
				TARGETED_DEVICE_FAMILY = 1;
			};
			name = Debug;
		};
		67A3D5CB246DC96A00E05DC2 /* Release */ = {
			isa = XCBuildConfiguration;
			buildSettings = {
				ASSETCATALOG_COMPILER_APPICON_NAME = AppIcon;
				CODE_SIGN_STYLE = Automatic;
				DEVELOPMENT_TEAM = C5XKLL2KX8;
				INFOPLIST_FILE = Groceria/Info.plist;
				IPHONEOS_DEPLOYMENT_TARGET = 13.2;
				LD_RUNPATH_SEARCH_PATHS = (
					"$(inherited)",
					"@executable_path/Frameworks",
				);
				PRODUCT_BUNDLE_IDENTIFIER = edu.stanford.angluo.Groceria;
				PRODUCT_NAME = "$(TARGET_NAME)";
				SWIFT_VERSION = 5.0;
				TARGETED_DEVICE_FAMILY = 1;
			};
			name = Release;
		};
/* End XCBuildConfiguration section */

/* Begin XCConfigurationList section */
		67A3D5B0246DC96700E05DC2 /* Build configuration list for PBXProject "Groceria" */ = {
			isa = XCConfigurationList;
			buildConfigurations = (
				67A3D5C7246DC96A00E05DC2 /* Debug */,
				67A3D5C8246DC96A00E05DC2 /* Release */,
			);
			defaultConfigurationIsVisible = 0;
			defaultConfigurationName = Release;
		};
		67A3D5C9246DC96A00E05DC2 /* Build configuration list for PBXNativeTarget "Groceria" */ = {
			isa = XCConfigurationList;
			buildConfigurations = (
				67A3D5CA246DC96A00E05DC2 /* Debug */,
				67A3D5CB246DC96A00E05DC2 /* Release */,
			);
			defaultConfigurationIsVisible = 0;
			defaultConfigurationName = Release;
		};
/* End XCConfigurationList section */
	};
	rootObject = 67A3D5AD246DC96700E05DC2 /* Project object */;
}
