// !$*UTF8*$!
{
	archiveVersion = 1;
	classes = {
	};
	objectVersion = 50;
	objects = {

/* Begin PBXBuildFile section */
		671990C92482398A00F65094 /* CreateAccount.swift in Sources */ = {isa = PBXBuildFile; fileRef = 671990C82482398A00F65094 /* CreateAccount.swift */; };
		671990CB248252AD00F65094 /* AddressSignUp.swift in Sources */ = {isa = PBXBuildFile; fileRef = 671990CA248252AD00F65094 /* AddressSignUp.swift */; };
		671990CE2482602E00F65094 /* Dashboard.storyboard in Resources */ = {isa = PBXBuildFile; fileRef = 671990CD2482602E00F65094 /* Dashboard.storyboard */; };
		671990D02482610100F65094 /* Profile.storyboard in Resources */ = {isa = PBXBuildFile; fileRef = 671990CF2482610100F65094 /* Profile.storyboard */; };
		671990D22482622300F65094 /* ShoppingFor.storyboard in Resources */ = {isa = PBXBuildFile; fileRef = 671990D12482622300F65094 /* ShoppingFor.storyboard */; };
		671990D42482626100F65094 /* MyItems.storyboard in Resources */ = {isa = PBXBuildFile; fileRef = 671990D32482626100F65094 /* MyItems.storyboard */; };
		671990D624826C0B00F65094 /* InitialProfileScreen.swift in Sources */ = {isa = PBXBuildFile; fileRef = 671990D524826C0B00F65094 /* InitialProfileScreen.swift */; };
		671990D82482F72700F65094 /* InitialDashboardScreen.swift in Sources */ = {isa = PBXBuildFile; fileRef = 671990D72482F72700F65094 /* InitialDashboardScreen.swift */; };
		671990DA24831F7300F65094 /* DashboardRequestCell.swift in Sources */ = {isa = PBXBuildFile; fileRef = 671990D924831F7300F65094 /* DashboardRequestCell.swift */; };
		671990DC2483216F00F65094 /* DashboardRequestModel.swift in Sources */ = {isa = PBXBuildFile; fileRef = 671990DB2483216F00F65094 /* DashboardRequestModel.swift */; };
		671990E12483385200F65094 /* SingleRequestView.swift in Sources */ = {isa = PBXBuildFile; fileRef = 671990E02483385200F65094 /* SingleRequestView.swift */; };
		671990E32483657A00F65094 /* ShoppingItemInactiveCell.swift in Sources */ = {isa = PBXBuildFile; fileRef = 671990E22483657900F65094 /* ShoppingItemInactiveCell.swift */; };
		671990E5248373B100F65094 /* SettingsTableViewController.swift in Sources */ = {isa = PBXBuildFile; fileRef = 671990E4248373B100F65094 /* SettingsTableViewController.swift */; };
		671990E92483847D00F65094 /* ShoppingForNavigationController.swift in Sources */ = {isa = PBXBuildFile; fileRef = 671990E82483847D00F65094 /* ShoppingForNavigationController.swift */; };
		671990EB2483863800F65094 /* EmptyShoppingForScreen.swift in Sources */ = {isa = PBXBuildFile; fileRef = 671990EA2483863700F65094 /* EmptyShoppingForScreen.swift */; };
		67A3D5B9246DC96700E05DC2 /* AppDelegate.swift in Sources */ = {isa = PBXBuildFile; fileRef = 67A3D5B8246DC96700E05DC2 /* AppDelegate.swift */; };
		67A3D5BB246DC96700E05DC2 /* SceneDelegate.swift in Sources */ = {isa = PBXBuildFile; fileRef = 67A3D5BA246DC96700E05DC2 /* SceneDelegate.swift */; };
		67A3D5BD246DC96700E05DC2 /* InitialScreen.swift in Sources */ = {isa = PBXBuildFile; fileRef = 67A3D5BC246DC96700E05DC2 /* InitialScreen.swift */; };
		67A3D5C0246DC96700E05DC2 /* Main.storyboard in Resources */ = {isa = PBXBuildFile; fileRef = 67A3D5BE246DC96700E05DC2 /* Main.storyboard */; };
		67A3D5C2246DC96A00E05DC2 /* Assets.xcassets in Resources */ = {isa = PBXBuildFile; fileRef = 67A3D5C1246DC96A00E05DC2 /* Assets.xcassets */; };
		67A3D5C5246DC96A00E05DC2 /* LaunchScreen.storyboard in Resources */ = {isa = PBXBuildFile; fileRef = 67A3D5C3246DC96A00E05DC2 /* LaunchScreen.storyboard */; };
		67AF5AF124838C0C0076A876 /* InitialShoppingForScreen.swift in Sources */ = {isa = PBXBuildFile; fileRef = 67AF5AF024838C0C0076A876 /* InitialShoppingForScreen.swift */; };
		67AF5AF32483A1980076A876 /* InitialMyItemsScreen.swift in Sources */ = {isa = PBXBuildFile; fileRef = 67AF5AF22483A1980076A876 /* InitialMyItemsScreen.swift */; };
		67AF5AF5248434CC0076A876 /* CreateRequest.storyboard in Resources */ = {isa = PBXBuildFile; fileRef = 67AF5AF4248434CC0076A876 /* CreateRequest.storyboard */; };
/* End PBXBuildFile section */

/* Begin PBXFileReference section */
		671990C82482398A00F65094 /* CreateAccount.swift */ = {isa = PBXFileReference; lastKnownFileType = sourcecode.swift; path = CreateAccount.swift; sourceTree = "<group>"; };
		671990CA248252AD00F65094 /* AddressSignUp.swift */ = {isa = PBXFileReference; lastKnownFileType = sourcecode.swift; path = AddressSignUp.swift; sourceTree = "<group>"; };
		671990CD2482602E00F65094 /* Dashboard.storyboard */ = {isa = PBXFileReference; lastKnownFileType = file.storyboard; path = Dashboard.storyboard; sourceTree = "<group>"; };
		671990CF2482610100F65094 /* Profile.storyboard */ = {isa = PBXFileReference; lastKnownFileType = file.storyboard; path = Profile.storyboard; sourceTree = "<group>"; };
		671990D12482622300F65094 /* ShoppingFor.storyboard */ = {isa = PBXFileReference; lastKnownFileType = file.storyboard; path = ShoppingFor.storyboard; sourceTree = "<group>"; };
		671990D32482626100F65094 /* MyItems.storyboard */ = {isa = PBXFileReference; lastKnownFileType = file.storyboard; path = MyItems.storyboard; sourceTree = "<group>"; };
		671990D524826C0B00F65094 /* InitialProfileScreen.swift */ = {isa = PBXFileReference; lastKnownFileType = sourcecode.swift; path = InitialProfileScreen.swift; sourceTree = "<group>"; };
		671990D72482F72700F65094 /* InitialDashboardScreen.swift */ = {isa = PBXFileReference; lastKnownFileType = sourcecode.swift; path = InitialDashboardScreen.swift; sourceTree = "<group>"; };
		671990D924831F7300F65094 /* DashboardRequestCell.swift */ = {isa = PBXFileReference; lastKnownFileType = sourcecode.swift; path = DashboardRequestCell.swift; sourceTree = "<group>"; };
		671990DB2483216F00F65094 /* DashboardRequestModel.swift */ = {isa = PBXFileReference; lastKnownFileType = sourcecode.swift; path = DashboardRequestModel.swift; sourceTree = "<group>"; };
		671990E02483385200F65094 /* SingleRequestView.swift */ = {isa = PBXFileReference; lastKnownFileType = sourcecode.swift; path = SingleRequestView.swift; sourceTree = SOURCE_ROOT; };
		671990E22483657900F65094 /* ShoppingItemInactiveCell.swift */ = {isa = PBXFileReference; lastKnownFileType = sourcecode.swift; path = ShoppingItemInactiveCell.swift; sourceTree = "<group>"; };
		671990E4248373B100F65094 /* SettingsTableViewController.swift */ = {isa = PBXFileReference; lastKnownFileType = sourcecode.swift; path = SettingsTableViewController.swift; sourceTree = "<group>"; };
		671990E82483847D00F65094 /* ShoppingForNavigationController.swift */ = {isa = PBXFileReference; lastKnownFileType = sourcecode.swift; name = ShoppingForNavigationController.swift; path = Storyboards/ShoppingForNavigationController.swift; sourceTree = "<group>"; };
		671990EA2483863700F65094 /* EmptyShoppingForScreen.swift */ = {isa = PBXFileReference; lastKnownFileType = sourcecode.swift; name = EmptyShoppingForScreen.swift; path = Storyboards/EmptyShoppingForScreen.swift; sourceTree = "<group>"; };
		67A3D5B5246DC96700E05DC2 /* Groceria.app */ = {isa = PBXFileReference; explicitFileType = wrapper.application; includeInIndex = 0; path = Groceria.app; sourceTree = BUILT_PRODUCTS_DIR; };
		67A3D5B8246DC96700E05DC2 /* AppDelegate.swift */ = {isa = PBXFileReference; lastKnownFileType = sourcecode.swift; path = AppDelegate.swift; sourceTree = "<group>"; };
		67A3D5BA246DC96700E05DC2 /* SceneDelegate.swift */ = {isa = PBXFileReference; lastKnownFileType = sourcecode.swift; path = SceneDelegate.swift; sourceTree = "<group>"; };
		67A3D5BC246DC96700E05DC2 /* InitialScreen.swift */ = {isa = PBXFileReference; lastKnownFileType = sourcecode.swift; path = InitialScreen.swift; sourceTree = "<group>"; };
		67A3D5BF246DC96700E05DC2 /* Base */ = {isa = PBXFileReference; lastKnownFileType = file.storyboard; name = Base; path = Base.lproj/Main.storyboard; sourceTree = "<group>"; };
		67A3D5C1246DC96A00E05DC2 /* Assets.xcassets */ = {isa = PBXFileReference; lastKnownFileType = folder.assetcatalog; path = Assets.xcassets; sourceTree = "<group>"; };
		67A3D5C4246DC96A00E05DC2 /* Base */ = {isa = PBXFileReference; lastKnownFileType = file.storyboard; name = Base; path = Base.lproj/LaunchScreen.storyboard; sourceTree = "<group>"; };
		67A3D5C6246DC96A00E05DC2 /* Info.plist */ = {isa = PBXFileReference; lastKnownFileType = text.plist.xml; path = Info.plist; sourceTree = "<group>"; };
		67AF5AF024838C0C0076A876 /* InitialShoppingForScreen.swift */ = {isa = PBXFileReference; lastKnownFileType = sourcecode.swift; path = InitialShoppingForScreen.swift; sourceTree = "<group>"; };
		67AF5AF22483A1980076A876 /* InitialMyItemsScreen.swift */ = {isa = PBXFileReference; lastKnownFileType = sourcecode.swift; path = InitialMyItemsScreen.swift; sourceTree = "<group>"; };
		67AF5AF4248434CC0076A876 /* CreateRequest.storyboard */ = {isa = PBXFileReference; lastKnownFileType = file.storyboard; path = CreateRequest.storyboard; sourceTree = "<group>"; };
/* End PBXFileReference section */

/* Begin PBXFrameworksBuildPhase section */
		67A3D5B2246DC96700E05DC2 /* Frameworks */ = {
			isa = PBXFrameworksBuildPhase;
			buildActionMask = 2147483647;
			files = (
			);
			runOnlyForDeploymentPostprocessing = 0;
		};
/* End PBXFrameworksBuildPhase section */

/* Begin PBXGroup section */
		671990CC24825B3900F65094 /* Storyboards */ = {
			isa = PBXGroup;
			children = (
				67A3D5BE246DC96700E05DC2 /* Main.storyboard */,
				671990CF2482610100F65094 /* Profile.storyboard */,
				671990D12482622300F65094 /* ShoppingFor.storyboard */,
				671990D32482626100F65094 /* MyItems.storyboard */,
				67AF5AF4248434CC0076A876 /* CreateRequest.storyboard */,
				671990CD2482602E00F65094 /* Dashboard.storyboard */,
				67A3D5C3246DC96A00E05DC2 /* LaunchScreen.storyboard */,
			);
			path = Storyboards;
			sourceTree = "<group>";
		};
		671990DD24832CFF00F65094 /* Dashboard */ = {
			isa = PBXGroup;
			children = (
				671990E02483385200F65094 /* SingleRequestView.swift */,
				671990DB2483216F00F65094 /* DashboardRequestModel.swift */,
				671990D924831F7300F65094 /* DashboardRequestCell.swift */,
				671990D72482F72700F65094 /* InitialDashboardScreen.swift */,
			);
			path = Dashboard;
			sourceTree = "<group>";
		};
		671990E6248374BF00F65094 /* Profile */ = {
			isa = PBXGroup;
			children = (
				671990E4248373B100F65094 /* SettingsTableViewController.swift */,
				671990D524826C0B00F65094 /* InitialProfileScreen.swift */,
			);
			path = Profile;
			sourceTree = "<group>";
		};
		671990E72483752C00F65094 /* Main */ = {
			isa = PBXGroup;
			children = (
				67A3D5BC246DC96700E05DC2 /* InitialScreen.swift */,
				671990C82482398A00F65094 /* CreateAccount.swift */,
				671990CA248252AD00F65094 /* AddressSignUp.swift */,
			);
			path = Main;
			sourceTree = "<group>";
		};
		67A3D5AC246DC96700E05DC2 = {
			isa = PBXGroup;
			children = (
				67A3D5B7246DC96700E05DC2 /* Groceria */,
				67A3D5B6246DC96700E05DC2 /* Products */,
			);
			sourceTree = "<group>";
		};
		67A3D5B6246DC96700E05DC2 /* Products */ = {
			isa = PBXGroup;
			children = (
				67A3D5B5246DC96700E05DC2 /* Groceria.app */,
			);
			name = Products;
			sourceTree = "<group>";
		};
		67A3D5B7246DC96700E05DC2 /* Groceria */ = {
			isa = PBXGroup;
			children = (
				671990EA2483863700F65094 /* EmptyShoppingForScreen.swift */,
				671990E72483752C00F65094 /* Main */,
				671990CC24825B3900F65094 /* Storyboards */,
				67A3D5B8246DC96700E05DC2 /* AppDelegate.swift */,
				67A3D5BA246DC96700E05DC2 /* SceneDelegate.swift */,
				671990E82483847D00F65094 /* ShoppingForNavigationController.swift */,
				67AF5AF024838C0C0076A876 /* InitialShoppingForScreen.swift */,
				67AF5AF22483A1980076A876 /* InitialMyItemsScreen.swift */,
				671990E6248374BF00F65094 /* Profile */,
				671990E22483657900F65094 /* ShoppingItemInactiveCell.swift */,
				671990DD24832CFF00F65094 /* Dashboard */,
				67A3D5C1246DC96A00E05DC2 /* Assets.xcassets */,
				67A3D5C6246DC96A00E05DC2 /* Info.plist */,
			);
			path = Groceria;
			sourceTree = "<group>";
		};
/* End PBXGroup section */

/* Begin PBXNativeTarget section */
		67A3D5B4246DC96700E05DC2 /* Groceria */ = {
			isa = PBXNativeTarget;
			buildConfigurationList = 67A3D5C9246DC96A00E05DC2 /* Build configuration list for PBXNativeTarget "Groceria" */;
			buildPhases = (
				67A3D5B1246DC96700E05DC2 /* Sources */,
				67A3D5B2246DC96700E05DC2 /* Frameworks */,
				67A3D5B3246DC96700E05DC2 /* Resources */,
			);
			buildRules = (
			);
			dependencies = (
			);
			name = Groceria;
			productName = Groceria;
			productReference = 67A3D5B5246DC96700E05DC2 /* Groceria.app */;
			productType = "com.apple.product-type.application";
		};
/* End PBXNativeTarget section */

/* Begin PBXProject section */
		67A3D5AD246DC96700E05DC2 /* Project object */ = {
			isa = PBXProject;
			attributes = {
				LastSwiftUpdateCheck = 1140;
				LastUpgradeCheck = 1140;
				ORGANIZATIONNAME = "Angela Luo";
				TargetAttributes = {
					67A3D5B4246DC96700E05DC2 = {
						CreatedOnToolsVersion = 11.4.1;
					};
				};
			};
			buildConfigurationList = 67A3D5B0246DC96700E05DC2 /* Build configuration list for PBXProject "Groceria" */;
			compatibilityVersion = "Xcode 9.3";
			developmentRegion = en;
			hasScannedForEncodings = 0;
			knownRegions = (
				en,
				Base,
			);
			mainGroup = 67A3D5AC246DC96700E05DC2;
			productRefGroup = 67A3D5B6246DC96700E05DC2 /* Products */;
			projectDirPath = "";
			projectRoot = "";
			targets = (
				67A3D5B4246DC96700E05DC2 /* Groceria */,
			);
		};
/* End PBXProject section */

/* Begin PBXResourcesBuildPhase section */
		67A3D5B3246DC96700E05DC2 /* Resources */ = {
			isa = PBXResourcesBuildPhase;
			buildActionMask = 2147483647;
			files = (
				67A3D5C5246DC96A00E05DC2 /* LaunchScreen.storyboard in Resources */,
				671990D42482626100F65094 /* MyItems.storyboard in Resources */,
				67A3D5C2246DC96A00E05DC2 /* Assets.xcassets in Resources */,
				671990D02482610100F65094 /* Profile.storyboard in Resources */,
				67AF5AF5248434CC0076A876 /* CreateRequest.storyboard in Resources */,
				67A3D5C0246DC96700E05DC2 /* Main.storyboard in Resources */,
				671990D22482622300F65094 /* ShoppingFor.storyboard in Resources */,
				671990CE2482602E00F65094 /* Dashboard.storyboard in Resources */,
			);
			runOnlyForDeploymentPostprocessing = 0;
		};
/* End PBXResourcesBuildPhase section */

/* Begin PBXSourcesBuildPhase section */
		67A3D5B1246DC96700E05DC2 /* Sources */ = {
			isa = PBXSourcesBuildPhase;
			buildActionMask = 2147483647;
			files = (
				671990DC2483216F00F65094 /* DashboardRequestModel.swift in Sources */,
				671990D82482F72700F65094 /* InitialDashboardScreen.swift in Sources */,
				67A3D5BD246DC96700E05DC2 /* InitialScreen.swift in Sources */,
				67AF5AF124838C0C0076A876 /* InitialShoppingForScreen.swift in Sources */,
				67A3D5B9246DC96700E05DC2 /* AppDelegate.swift in Sources */,
				671990E32483657A00F65094 /* ShoppingItemInactiveCell.swift in Sources */,
				671990D624826C0B00F65094 /* InitialProfileScreen.swift in Sources */,
				67AF5AF32483A1980076A876 /* InitialMyItemsScreen.swift in Sources */,
				67A3D5BB246DC96700E05DC2 /* SceneDelegate.swift in Sources */,
				671990E92483847D00F65094 /* ShoppingForNavigationController.swift in Sources */,
				671990E12483385200F65094 /* SingleRequestView.swift in Sources */,
				671990E5248373B100F65094 /* SettingsTableViewController.swift in Sources */,
				671990C92482398A00F65094 /* CreateAccount.swift in Sources */,
				671990EB2483863800F65094 /* EmptyShoppingForScreen.swift in Sources */,
				671990DA24831F7300F65094 /* DashboardRequestCell.swift in Sources */,
				671990CB248252AD00F65094 /* AddressSignUp.swift in Sources */,
			);
			runOnlyForDeploymentPostprocessing = 0;
		};
/* End PBXSourcesBuildPhase section */

/* Begin PBXVariantGroup section */
		67A3D5BE246DC96700E05DC2 /* Main.storyboard */ = {
			isa = PBXVariantGroup;
			children = (
				67A3D5BF246DC96700E05DC2 /* Base */,
			);
			name = Main.storyboard;
			sourceTree = "<group>";
		};
		67A3D5C3246DC96A00E05DC2 /* LaunchScreen.storyboard */ = {
			isa = PBXVariantGroup;
			children = (
				67A3D5C4246DC96A00E05DC2 /* Base */,
			);
			name = LaunchScreen.storyboard;
			sourceTree = "<group>";
		};
/* End PBXVariantGroup section */

/* Begin XCBuildConfiguration section */
		67A3D5C7246DC96A00E05DC2 /* Debug */ = {
			isa = XCBuildConfiguration;
			buildSettings = {
				ALWAYS_SEARCH_USER_PATHS = NO;
				CLANG_ANALYZER_NONNULL = YES;
				CLANG_ANALYZER_NUMBER_OBJECT_CONVERSION = YES_AGGRESSIVE;
				CLANG_CXX_LANGUAGE_STANDARD = "gnu++14";
				CLANG_CXX_LIBRARY = "libc++";
				CLANG_ENABLE_MODULES = YES;
				CLANG_ENABLE_OBJC_ARC = YES;
				CLANG_ENABLE_OBJC_WEAK = YES;
				CLANG_WARN_BLOCK_CAPTURE_AUTORELEASING = YES;
				CLANG_WARN_BOOL_CONVERSION = YES;
				CLANG_WARN_COMMA = YES;
				CLANG_WARN_CONSTANT_CONVERSION = YES;
				CLANG_WARN_DEPRECATED_OBJC_IMPLEMENTATIONS = YES;
				CLANG_WARN_DIRECT_OBJC_ISA_USAGE = YES_ERROR;
				CLANG_WARN_DOCUMENTATION_COMMENTS = YES;
				CLANG_WARN_EMPTY_BODY = YES;
				CLANG_WARN_ENUM_CONVERSION = YES;
				CLANG_WARN_INFINITE_RECURSION = YES;
				CLANG_WARN_INT_CONVERSION = YES;
				CLANG_WARN_NON_LITERAL_NULL_CONVERSION = YES;
				CLANG_WARN_OBJC_IMPLICIT_RETAIN_SELF = YES;
				CLANG_WARN_OBJC_LITERAL_CONVERSION = YES;
				CLANG_WARN_OBJC_ROOT_CLASS = YES_ERROR;
				CLANG_WARN_RANGE_LOOP_ANALYSIS = YES;
				CLANG_WARN_STRICT_PROTOTYPES = YES;
				CLANG_WARN_SUSPICIOUS_MOVE = YES;
				CLANG_WARN_UNGUARDED_AVAILABILITY = YES_AGGRESSIVE;
				CLANG_WARN_UNREACHABLE_CODE = YES;
				CLANG_WARN__DUPLICATE_METHOD_MATCH = YES;
				COPY_PHASE_STRIP = NO;
				DEBUG_INFORMATION_FORMAT = dwarf;
				ENABLE_STRICT_OBJC_MSGSEND = YES;
				ENABLE_TESTABILITY = YES;
				GCC_C_LANGUAGE_STANDARD = gnu11;
				GCC_DYNAMIC_NO_PIC = NO;
				GCC_NO_COMMON_BLOCKS = YES;
				GCC_OPTIMIZATION_LEVEL = 0;
				GCC_PREPROCESSOR_DEFINITIONS = (
					"DEBUG=1",
					"$(inherited)",
				);
				GCC_WARN_64_TO_32_BIT_CONVERSION = YES;
				GCC_WARN_ABOUT_RETURN_TYPE = YES_ERROR;
				GCC_WARN_UNDECLARED_SELECTOR = YES;
				GCC_WARN_UNINITIALIZED_AUTOS = YES_AGGRESSIVE;
				GCC_WARN_UNUSED_FUNCTION = YES;
				GCC_WARN_UNUSED_VARIABLE = YES;
				IPHONEOS_DEPLOYMENT_TARGET = 13.4;
				MTL_ENABLE_DEBUG_INFO = INCLUDE_SOURCE;
				MTL_FAST_MATH = YES;
				ONLY_ACTIVE_ARCH = YES;
				SDKROOT = iphoneos;
				SWIFT_ACTIVE_COMPILATION_CONDITIONS = DEBUG;
				SWIFT_OPTIMIZATION_LEVEL = "-Onone";
			};
			name = Debug;
		};
		67A3D5C8246DC96A00E05DC2 /* Release */ = {
			isa = XCBuildConfiguration;
			buildSettings = {
				ALWAYS_SEARCH_USER_PATHS = NO;
				CLANG_ANALYZER_NONNULL = YES;
				CLANG_ANALYZER_NUMBER_OBJECT_CONVERSION = YES_AGGRESSIVE;
				CLANG_CXX_LANGUAGE_STANDARD = "gnu++14";
				CLANG_CXX_LIBRARY = "libc++";
				CLANG_ENABLE_MODULES = YES;
				CLANG_ENABLE_OBJC_ARC = YES;
				CLANG_ENABLE_OBJC_WEAK = YES;
				CLANG_WARN_BLOCK_CAPTURE_AUTORELEASING = YES;
				CLANG_WARN_BOOL_CONVERSION = YES;
				CLANG_WARN_COMMA = YES;
				CLANG_WARN_CONSTANT_CONVERSION = YES;
				CLANG_WARN_DEPRECATED_OBJC_IMPLEMENTATIONS = YES;
				CLANG_WARN_DIRECT_OBJC_ISA_USAGE = YES_ERROR;
				CLANG_WARN_DOCUMENTATION_COMMENTS = YES;
				CLANG_WARN_EMPTY_BODY = YES;
				CLANG_WARN_ENUM_CONVERSION = YES;
				CLANG_WARN_INFINITE_RECURSION = YES;
				CLANG_WARN_INT_CONVERSION = YES;
				CLANG_WARN_NON_LITERAL_NULL_CONVERSION = YES;
				CLANG_WARN_OBJC_IMPLICIT_RETAIN_SELF = YES;
				CLANG_WARN_OBJC_LITERAL_CONVERSION = YES;
				CLANG_WARN_OBJC_ROOT_CLASS = YES_ERROR;
				CLANG_WARN_RANGE_LOOP_ANALYSIS = YES;
				CLANG_WARN_STRICT_PROTOTYPES = YES;
				CLANG_WARN_SUSPICIOUS_MOVE = YES;
				CLANG_WARN_UNGUARDED_AVAILABILITY = YES_AGGRESSIVE;
				CLANG_WARN_UNREACHABLE_CODE = YES;
				CLANG_WARN__DUPLICATE_METHOD_MATCH = YES;
				COPY_PHASE_STRIP = NO;
				DEBUG_INFORMATION_FORMAT = "dwarf-with-dsym";
				ENABLE_NS_ASSERTIONS = NO;
				ENABLE_STRICT_OBJC_MSGSEND = YES;
				GCC_C_LANGUAGE_STANDARD = gnu11;
				GCC_NO_COMMON_BLOCKS = YES;
				GCC_WARN_64_TO_32_BIT_CONVERSION = YES;
				GCC_WARN_ABOUT_RETURN_TYPE = YES_ERROR;
				GCC_WARN_UNDECLARED_SELECTOR = YES;
				GCC_WARN_UNINITIALIZED_AUTOS = YES_AGGRESSIVE;
				GCC_WARN_UNUSED_FUNCTION = YES;
				GCC_WARN_UNUSED_VARIABLE = YES;
				IPHONEOS_DEPLOYMENT_TARGET = 13.4;
				MTL_ENABLE_DEBUG_INFO = NO;
				MTL_FAST_MATH = YES;
				SDKROOT = iphoneos;
				SWIFT_COMPILATION_MODE = wholemodule;
				SWIFT_OPTIMIZATION_LEVEL = "-O";
				VALIDATE_PRODUCT = YES;
			};
			name = Release;
		};
		67A3D5CA246DC96A00E05DC2 /* Debug */ = {
			isa = XCBuildConfiguration;
			buildSettings = {
				ASSETCATALOG_COMPILER_APPICON_NAME = AppIcon;
				CODE_SIGN_STYLE = Automatic;
				DEVELOPMENT_TEAM = C5XKLL2KX8;
				INFOPLIST_FILE = Groceria/Info.plist;
				IPHONEOS_DEPLOYMENT_TARGET = 13.2;
				LD_RUNPATH_SEARCH_PATHS = (
					"$(inherited)",
					"@executable_path/Frameworks",
				);
				PRODUCT_BUNDLE_IDENTIFIER = edu.stanford.angluo.Groceria;
				PRODUCT_NAME = "$(TARGET_NAME)";
				SWIFT_VERSION = 5.0;
				TARGETED_DEVICE_FAMILY = 1;
			};
			name = Debug;
		};
		67A3D5CB246DC96A00E05DC2 /* Release */ = {
			isa = XCBuildConfiguration;
			buildSettings = {
				ASSETCATALOG_COMPILER_APPICON_NAME = AppIcon;
				CODE_SIGN_STYLE = Automatic;
				DEVELOPMENT_TEAM = C5XKLL2KX8;
				INFOPLIST_FILE = Groceria/Info.plist;
				IPHONEOS_DEPLOYMENT_TARGET = 13.2;
				LD_RUNPATH_SEARCH_PATHS = (
					"$(inherited)",
					"@executable_path/Frameworks",
				);
				PRODUCT_BUNDLE_IDENTIFIER = edu.stanford.angluo.Groceria;
				PRODUCT_NAME = "$(TARGET_NAME)";
				SWIFT_VERSION = 5.0;
				TARGETED_DEVICE_FAMILY = 1;
			};
			name = Release;
		};
/* End XCBuildConfiguration section */

/* Begin XCConfigurationList section */
		67A3D5B0246DC96700E05DC2 /* Build configuration list for PBXProject "Groceria" */ = {
			isa = XCConfigurationList;
			buildConfigurations = (
				67A3D5C7246DC96A00E05DC2 /* Debug */,
				67A3D5C8246DC96A00E05DC2 /* Release */,
			);
			defaultConfigurationIsVisible = 0;
			defaultConfigurationName = Release;
		};
		67A3D5C9246DC96A00E05DC2 /* Build configuration list for PBXNativeTarget "Groceria" */ = {
			isa = XCConfigurationList;
			buildConfigurations = (
				67A3D5CA246DC96A00E05DC2 /* Debug */,
				67A3D5CB246DC96A00E05DC2 /* Release */,
			);
			defaultConfigurationIsVisible = 0;
			defaultConfigurationName = Release;
		};
/* End XCConfigurationList section */
	};
	rootObject = 67A3D5AD246DC96700E05DC2 /* Project object */;
}
